
Microsoft Visual Studio Solution File, Format Version 12.00
# Visual Studio Version 16
VisualStudioVersion = 16.0.32407.337
MinimumVisualStudioVersion = 10.0.40219.1
Project("{FAE04EC0-301F-11D3-BF4B-00C04F79EFBC}") = "课堂练习4", "课堂练习4\课堂练习4.csproj", "{79846A7F-8372-4C37-A63F-AF111C778442}"
EndProject
Global
	GlobalSection(SolutionConfigurationPlatforms) = preSolution
		Debug|Any CPU = Debug|Any CPU
		Release|Any CPU = Release|Any CPU
	EndGlobalSection
	GlobalSection(ProjectConfigurationPlatforms) = postSolution
		{79846A7F-8372-4C37-A63F-AF111C778442}.Debug|Any CPU.ActiveCfg = Debug|Any CPU
		{79846A7F-8372-4C37-A63F-AF111C778442}.Debug|Any CPU.Build.0 = Debug|Any CPU
		{79846A7F-8372-4C37-A63F-AF111C778442}.Release|Any CPU.ActiveCfg = Release|Any CPU
		{79846A7F-8372-4C37-A63F-AF111C778442}.Release|Any CPU.Build.0 = Release|Any CPU
	EndGlobalSection
	GlobalSection(SolutionProperties) = preSolution
		HideSolutionNode = FALSE
	EndGlobalSection
	GlobalSection(ExtensibilityGlobals) = postSolution
		SolutionGuid = {F14F3DFF-CFAC-4C4D-9266-C791CBE7B9EC}
	EndGlobalSection
EndGlobal
