
Microsoft Visual Studio Solution File, Format Version 12.00
# Visual Studio Version 16
VisualStudioVersion = 16.0.32407.337
MinimumVisualStudioVersion = 10.0.40219.1
Project("{FAE04EC0-301F-11D3-BF4B-00C04F79EFBC}") = "课堂练习5", "课堂练习5\课堂练习5.csproj", "{1B31E1DE-AEA6-446B-91CC-E4C801ED5007}"
EndProject
Global
	GlobalSection(SolutionConfigurationPlatforms) = preSolution
		Debug|Any CPU = Debug|Any CPU
		Release|Any CPU = Release|Any CPU
	EndGlobalSection
	GlobalSection(ProjectConfigurationPlatforms) = postSolution
		{1B31E1DE-AEA6-446B-91CC-E4C801ED5007}.Debug|Any CPU.ActiveCfg = Debug|Any CPU
		{1B31E1DE-AEA6-446B-91CC-E4C801ED5007}.Debug|Any CPU.Build.0 = Debug|Any CPU
		{1B31E1DE-AEA6-446B-91CC-E4C801ED5007}.Release|Any CPU.ActiveCfg = Release|Any CPU
		{1B31E1DE-AEA6-446B-91CC-E4C801ED5007}.Release|Any CPU.Build.0 = Release|Any CPU
	EndGlobalSection
	GlobalSection(SolutionProperties) = preSolution
		HideSolutionNode = FALSE
	EndGlobalSection
	GlobalSection(ExtensibilityGlobals) = postSolution
		SolutionGuid = {74A96B78-8EA7-461C-A1B3-04802FD2D18F}
	EndGlobalSection
EndGlobal
