
Microsoft Visual Studio Solution File, Format Version 12.00
# Visual Studio Version 16
VisualStudioVersion = 16.0.32407.337
MinimumVisualStudioVersion = 10.0.40219.1
Project("{FAE04EC0-301F-11D3-BF4B-00C04F79EFBC}") = "课堂练习2", "课堂练习2\课堂练习2.csproj", "{D6460283-8A5C-4DBB-8EED-D1C7F54FCD34}"
EndProject
Global
	GlobalSection(SolutionConfigurationPlatforms) = preSolution
		Debug|Any CPU = Debug|Any CPU
		Release|Any CPU = Release|Any CPU
	EndGlobalSection
	GlobalSection(ProjectConfigurationPlatforms) = postSolution
		{D6460283-8A5C-4DBB-8EED-D1C7F54FCD34}.Debug|Any CPU.ActiveCfg = Debug|Any CPU
		{D6460283-8A5C-4DBB-8EED-D1C7F54FCD34}.Debug|Any CPU.Build.0 = Debug|Any CPU
		{D6460283-8A5C-4DBB-8EED-D1C7F54FCD34}.Release|Any CPU.ActiveCfg = Release|Any CPU
		{D6460283-8A5C-4DBB-8EED-D1C7F54FCD34}.Release|Any CPU.Build.0 = Release|Any CPU
	EndGlobalSection
	GlobalSection(SolutionProperties) = preSolution
		HideSolutionNode = FALSE
	EndGlobalSection
	GlobalSection(ExtensibilityGlobals) = postSolution
		SolutionGuid = {B0F912A3-8990-44F4-A54C-A0B25B11D0C7}
	EndGlobalSection
EndGlobal
