
Microsoft Visual Studio Solution File, Format Version 12.00
# Visual Studio Version 16
VisualStudioVersion = 16.0.32407.337
MinimumVisualStudioVersion = 10.0.40219.1
Project("{FAE04EC0-301F-11D3-BF4B-00C04F79EFBC}") = "课堂练习3", "课堂练习3\课堂练习3.csproj", "{0F671334-AFC9-44EC-A6E8-881CF9EB9B60}"
EndProject
Global
	GlobalSection(SolutionConfigurationPlatforms) = preSolution
		Debug|Any CPU = Debug|Any CPU
		Release|Any CPU = Release|Any CPU
	EndGlobalSection
	GlobalSection(ProjectConfigurationPlatforms) = postSolution
		{0F671334-AFC9-44EC-A6E8-881CF9EB9B60}.Debug|Any CPU.ActiveCfg = Debug|Any CPU
		{0F671334-AFC9-44EC-A6E8-881CF9EB9B60}.Debug|Any CPU.Build.0 = Debug|Any CPU
		{0F671334-AFC9-44EC-A6E8-881CF9EB9B60}.Release|Any CPU.ActiveCfg = Release|Any CPU
		{0F671334-AFC9-44EC-A6E8-881CF9EB9B60}.Release|Any CPU.Build.0 = Release|Any CPU
	EndGlobalSection
	GlobalSection(SolutionProperties) = preSolution
		HideSolutionNode = FALSE
	EndGlobalSection
	GlobalSection(ExtensibilityGlobals) = postSolution
		SolutionGuid = {DDB808C4-DC28-4B8F-A3ED-2123165B5504}
	EndGlobalSection
EndGlobal
