
Microsoft Visual Studio Solution File, Format Version 12.00
# Visual Studio Version 16
VisualStudioVersion = 16.0.32407.337
MinimumVisualStudioVersion = 10.0.40219.1
Project("{FAE04EC0-301F-11D3-BF4B-00C04F79EFBC}") = "课堂练习3", "课堂练习3\课堂练习3.csproj", "{FA075D56-2596-49A0-A086-5F7E2D3DE243}"
EndProject
Global
	GlobalSection(SolutionConfigurationPlatforms) = preSolution
		Debug|Any CPU = Debug|Any CPU
		Release|Any CPU = Release|Any CPU
	EndGlobalSection
	GlobalSection(ProjectConfigurationPlatforms) = postSolution
		{FA075D56-2596-49A0-A086-5F7E2D3DE243}.Debug|Any CPU.ActiveCfg = Debug|Any CPU
		{FA075D56-2596-49A0-A086-5F7E2D3DE243}.Debug|Any CPU.Build.0 = Debug|Any CPU
		{FA075D56-2596-49A0-A086-5F7E2D3DE243}.Release|Any CPU.ActiveCfg = Release|Any CPU
		{FA075D56-2596-49A0-A086-5F7E2D3DE243}.Release|Any CPU.Build.0 = Release|Any CPU
	EndGlobalSection
	GlobalSection(SolutionProperties) = preSolution
		HideSolutionNode = FALSE
	EndGlobalSection
	GlobalSection(ExtensibilityGlobals) = postSolution
		SolutionGuid = {ACC9BB76-298F-4691-9CDA-98F3F1C6E57A}
	EndGlobalSection
EndGlobal
