
Microsoft Visual Studio Solution File, Format Version 12.00
# Visual Studio Version 16
VisualStudioVersion = 16.0.32407.337
MinimumVisualStudioVersion = 10.0.40219.1
Project("{FAE04EC0-301F-11D3-BF4B-00C04F79EFBC}") = "课堂练习4", "课堂练习4\课堂练习4.csproj", "{EC5CB588-FB10-4FC1-BB1D-850DC9694913}"
EndProject
Global
	GlobalSection(SolutionConfigurationPlatforms) = preSolution
		Debug|Any CPU = Debug|Any CPU
		Release|Any CPU = Release|Any CPU
	EndGlobalSection
	GlobalSection(ProjectConfigurationPlatforms) = postSolution
		{EC5CB588-FB10-4FC1-BB1D-850DC9694913}.Debug|Any CPU.ActiveCfg = Debug|Any CPU
		{EC5CB588-FB10-4FC1-BB1D-850DC9694913}.Debug|Any CPU.Build.0 = Debug|Any CPU
		{EC5CB588-FB10-4FC1-BB1D-850DC9694913}.Release|Any CPU.ActiveCfg = Release|Any CPU
		{EC5CB588-FB10-4FC1-BB1D-850DC9694913}.Release|Any CPU.Build.0 = Release|Any CPU
	EndGlobalSection
	GlobalSection(SolutionProperties) = preSolution
		HideSolutionNode = FALSE
	EndGlobalSection
	GlobalSection(ExtensibilityGlobals) = postSolution
		SolutionGuid = {BE28AE74-B746-4A0A-8044-6CBEE5489B76}
	EndGlobalSection
EndGlobal
